{
  "name": "restful_node",
  "version": "0.1.0",
  "lockfileVersion": 1,
  "requires": true,
  "dependencies": {
    "@sellside/emitter": {
      "version": "1.2.1",
      "resolved": "https://registry.npmjs.org/@sellside/emitter/-/emitter-1.2.1.tgz",
      "integrity": "sha512-P1rUad4vDnp4d5HB7NEJ/MDf4zg3pM2Q8ZXJ2xgGkGo5yckyDn56YPAvUGH+1VsOud5dbli8MZu14j/EcNZCGw=="
    },
    "accepts": {
      "version": "1.3.5",
      "resolved": "https://registry.npmjs.org/accepts/-/accepts-1.3.5.tgz",
      "integrity": "sha1-63d99gEXI6OxTopywIBcjoZ0a9I=",
      "requires": {
        "mime-types": "~2.1.18",
        "negotiator": "0.6.1"
      }
    },
    "arr-union": {
      "version": "3.1.0",
      "resolved": "https://registry.npmjs.org/arr-union/-/arr-union-3.1.0.tgz",
      "integrity": "sha1-45sJrqne+Gao8gbiiK9jkZuuOcQ="
    },
    "array-flatten": {
      "version": "1.1.1",
      "resolved": "http://registry.npmjs.org/array-flatten/-/array-flatten-1.1.1.tgz",
      "integrity": "sha1-ml9pkFGx5wczKPKgCJaLZOopVdI="
    },
    "asap": {
      "version": "2.0.6",
      "resolved": "https://registry.npmjs.org/asap/-/asap-2.0.6.tgz",
      "integrity": "sha1-5QNHYR1+aQlDIIu9r+vLwvuGbUY="
    },
    "asn1": {
      "version": "0.2.3",
      "resolved": "https://registry.npmjs.org/asn1/-/asn1-0.2.3.tgz",
      "integrity": "sha1-2sh4dxPJlmhJ/IGAd36+nB3fO4Y="
    },
    "assert-plus": {
      "version": "1.0.0",
      "resolved": "https://registry.npmjs.org/assert-plus/-/assert-plus-1.0.0.tgz",
      "integrity": "sha1-8S4PPF13sLHN2RRpQuTpbB5N1SU="
    },
    "async": {
      "version": "3.0.0",
      "resolved": "https://registry.npmjs.org/async/-/async-3.0.0.tgz",
      "integrity": "sha512-LNZ6JSpKraIia6VZKKbKxmX6nWIdfsG7WqrOvKpCuDjH7BnGyQRFMTSXEe8to2WF/rqoAKgZvj+L5nnxe0suAg=="
    },
    "backoff": {
      "version": "2.5.0",
      "resolved": "https://registry.npmjs.org/backoff/-/backoff-2.5.0.tgz",
      "integrity": "sha1-9hbtqdPktmuMp/ynn2lXIsX44m8=",
      "requires": {
        "precond": "0.2"
      }
    },
    "balanced-match": {
      "version": "1.0.0",
      "resolved": "https://registry.npmjs.org/balanced-match/-/balanced-match-1.0.0.tgz",
      "integrity": "sha1-ibTRmasr7kneFk6gK4nORi1xt2c=",
      "optional": true
    },
    "bindings": {
      "version": "1.3.1",
      "resolved": "https://registry.npmjs.org/bindings/-/bindings-1.3.1.tgz",
      "integrity": "sha512-i47mqjF9UbjxJhxGf+pZ6kSxrnI3wBLlnGI2ArWJ4r0VrvDS7ZYXkprq/pLaBWYq4GM0r4zdHY+NNRqEMU7uew=="
    },
    "bl": {
      "version": "1.2.1",
      "resolved": "https://registry.npmjs.org/bl/-/bl-1.2.1.tgz",
      "integrity": "sha1-ysMo977kVzDUBLaSID/LWQ4XLV4=",
      "requires": {
        "readable-stream": "^2.0.5"
      }
    },
    "bluebird": {
      "version": "3.5.4",
      "resolved": "https://registry.npmjs.org/bluebird/-/bluebird-3.5.4.tgz",
      "integrity": "sha512-FG+nFEZChJrbQ9tIccIfZJBz3J7mLrAhxakAbnrJWn8d7aKOC+LWifa0G+p4ZqKp4y13T7juYvdhq9NzKdsrjw=="
    },
    "body-parser": {
      "version": "1.18.3",
      "resolved": "https://registry.npmjs.org/body-parser/-/body-parser-1.18.3.tgz",
      "integrity": "sha1-WykhmP/dVTs6DyDe0FkrlWlVyLQ=",
      "requires": {
        "bytes": "3.0.0",
        "content-type": "~1.0.4",
        "debug": "2.6.9",
        "depd": "~1.1.2",
        "http-errors": "~1.6.3",
        "iconv-lite": "0.4.23",
        "on-finished": "~2.3.0",
        "qs": "6.5.2",
        "raw-body": "2.3.3",
        "type-is": "~1.6.16"
      }
    },
    "brace-expansion": {
      "version": "1.1.11",
      "resolved": "https://registry.npmjs.org/brace-expansion/-/brace-expansion-1.1.11.tgz",
      "integrity": "sha512-iCuPHDFgrHX7H2vEI/5xpz07zSHB00TpugqhmYtVmMO6518mCuRMoOYFldEBl0g187ufozdaHgWKcYFb61qGiA==",
      "optional": true,
      "requires": {
        "balanced-match": "^1.0.0",
        "concat-map": "0.0.1"
      }
    },
    "bunyan": {
      "version": "1.8.12",
      "resolved": "https://registry.npmjs.org/bunyan/-/bunyan-1.8.12.tgz",
      "integrity": "sha1-8VDw9nSKvdcq6uhPBEA74u8RN5c=",
      "requires": {
        "dtrace-provider": "~0.8",
        "moment": "^2.10.6",
        "mv": "~2",
        "safe-json-stringify": "~1"
      }
    },
    "busboy": {
      "version": "0.2.14",
      "resolved": "https://registry.npmjs.org/busboy/-/busboy-0.2.14.tgz",
      "integrity": "sha1-bCpiLvz0fFe7vh4qnDetNseSVFM=",
      "requires": {
        "dicer": "0.2.5",
        "readable-stream": "1.1.x"
      },
      "dependencies": {
        "isarray": {
          "version": "0.0.1",
          "resolved": "https://registry.npmjs.org/isarray/-/isarray-0.0.1.tgz",
          "integrity": "sha1-ihis/Kmo9Bd+Cav8YDiTmwXR7t8="
        },
        "readable-stream": {
          "version": "1.1.14",
          "resolved": "https://registry.npmjs.org/readable-stream/-/readable-stream-1.1.14.tgz",
          "integrity": "sha1-fPTFTvZI44EwhMY23SB54WbAgdk=",
          "requires": {
            "core-util-is": "~1.0.0",
            "inherits": "~2.0.1",
            "isarray": "0.0.1",
            "string_decoder": "~0.10.x"
          }
        },
        "string_decoder": {
          "version": "0.10.31",
          "resolved": "https://registry.npmjs.org/string_decoder/-/string_decoder-0.10.31.tgz",
          "integrity": "sha1-YuIDvEF2bGwoyfyEMB2rHFMQ+pQ="
        }
      }
    },
    "bytes": {
      "version": "3.0.0",
      "resolved": "https://registry.npmjs.org/bytes/-/bytes-3.0.0.tgz",
      "integrity": "sha1-0ygVQE1olpn4Wk6k+odV3ROpYEg="
    },
    "concat-map": {
      "version": "0.0.1",
      "resolved": "https://registry.npmjs.org/concat-map/-/concat-map-0.0.1.tgz",
      "integrity": "sha1-2Klr13/Wjfd5OnMDajug1UBdR3s=",
      "optional": true
    },
    "connect": {
      "version": "3.6.6",
      "resolved": "https://registry.npmjs.org/connect/-/connect-3.6.6.tgz",
      "integrity": "sha1-Ce/2xVr3I24TcTWnJXSFi2eG9SQ=",
      "requires": {
        "debug": "2.6.9",
        "finalhandler": "1.1.0",
        "parseurl": "~1.3.2",
        "utils-merge": "1.0.1"
      }
    },
    "content-disposition": {
      "version": "0.5.2",
      "resolved": "http://registry.npmjs.org/content-disposition/-/content-disposition-0.5.2.tgz",
      "integrity": "sha1-DPaLud318r55YcOoUXjLhdunjLQ="
    },
    "content-type": {
      "version": "1.0.4",
      "resolved": "https://registry.npmjs.org/content-type/-/content-type-1.0.4.tgz",
      "integrity": "sha512-hIP3EEPs8tB9AT1L+NUqtwOAps4mk2Zob89MWXMHjHWg9milF/j4osnnQLXBCBFBk/tvIG/tUc9mOUJiPBhPXA=="
    },
    "cookie": {
      "version": "0.3.1",
      "resolved": "https://registry.npmjs.org/cookie/-/cookie-0.3.1.tgz",
      "integrity": "sha1-5+Ch+e9DtMi6klxcWpboBtFoc7s="
    },
    "cookie-signature": {
      "version": "1.0.6",
      "resolved": "https://registry.npmjs.org/cookie-signature/-/cookie-signature-1.0.6.tgz",
      "integrity": "sha1-4wOogrNCzD7oylE6eZmXNNqzriw="
    },
    "core-util-is": {
      "version": "1.0.2",
      "resolved": "https://registry.npmjs.org/core-util-is/-/core-util-is-1.0.2.tgz",
      "integrity": "sha1-tf1UIgqivFq1eqtxQMlAdUUDwac="
    },
    "crypto-api": {
      "version": "0.8.3",
      "resolved": "https://registry.npmjs.org/crypto-api/-/crypto-api-0.8.3.tgz",
      "integrity": "sha512-ZhUQvYTn5DpW2aS8F/OezedZPniCNcJhpP4Njrsuyt+9Y9400ht5Wue7w3D/dZWgekF+W7fz4bYUKf6u/waiGQ=="
    },
    "dashdash": {
      "version": "1.14.1",
      "resolved": "https://registry.npmjs.org/dashdash/-/dashdash-1.14.1.tgz",
      "integrity": "sha1-hTz6D3y+L+1d4gMmuN1YEDX24vA=",
      "requires": {
        "assert-plus": "^1.0.0"
      }
    },
    "debug": {
      "version": "2.6.9",
      "resolved": "https://registry.npmjs.org/debug/-/debug-2.6.9.tgz",
      "integrity": "sha512-bC7ElrdJaJnPbAP+1EotYvqZsb3ecl5wi6Bfi6BJTUcNowp6cvspg0jXznRTKDjm/E7AdgFBVeAPVMNcKGsHMA==",
      "requires": {
        "ms": "2.0.0"
      }
    },
    "depd": {
      "version": "1.1.2",
      "resolved": "https://registry.npmjs.org/depd/-/depd-1.1.2.tgz",
      "integrity": "sha1-m81S4UwJd2PnSbJ0xDRu0uVgtak="
    },
    "destroy": {
      "version": "1.0.4",
      "resolved": "https://registry.npmjs.org/destroy/-/destroy-1.0.4.tgz",
      "integrity": "sha1-l4hXRCxEdJ5CBmE+N5RiBYJqvYA="
    },
    "dicer": {
      "version": "0.2.5",
      "resolved": "https://registry.npmjs.org/dicer/-/dicer-0.2.5.tgz",
      "integrity": "sha1-WZbAhrszIYyBLAkL3cCc0S+stw8=",
      "requires": {
        "readable-stream": "1.1.x",
        "streamsearch": "0.1.2"
      },
      "dependencies": {
        "isarray": {
          "version": "0.0.1",
          "resolved": "https://registry.npmjs.org/isarray/-/isarray-0.0.1.tgz",
          "integrity": "sha1-ihis/Kmo9Bd+Cav8YDiTmwXR7t8="
        },
        "readable-stream": {
          "version": "1.1.14",
          "resolved": "https://registry.npmjs.org/readable-stream/-/readable-stream-1.1.14.tgz",
          "integrity": "sha1-fPTFTvZI44EwhMY23SB54WbAgdk=",
          "requires": {
            "core-util-is": "~1.0.0",
            "inherits": "~2.0.1",
            "isarray": "0.0.1",
            "string_decoder": "~0.10.x"
          }
        },
        "string_decoder": {
          "version": "0.10.31",
          "resolved": "https://registry.npmjs.org/string_decoder/-/string_decoder-0.10.31.tgz",
          "integrity": "sha1-YuIDvEF2bGwoyfyEMB2rHFMQ+pQ="
        }
      }
    },
    "dtrace-provider": {
      "version": "0.8.7",
      "resolved": "https://registry.npmjs.org/dtrace-provider/-/dtrace-provider-0.8.7.tgz",
      "integrity": "sha1-3JObTT4GIM/gwc2APQ0tftBP/QQ=",
      "optional": true,
      "requires": {
        "nan": "^2.10.0"
      }
    },
    "ee-first": {
      "version": "1.1.1",
      "resolved": "https://registry.npmjs.org/ee-first/-/ee-first-1.1.1.tgz",
      "integrity": "sha1-WQxhFWsK4vTwJVcyoViyZrxWsh0="
    },
    "encodeurl": {
      "version": "1.0.2",
      "resolved": "https://registry.npmjs.org/encodeurl/-/encodeurl-1.0.2.tgz",
      "integrity": "sha1-rT/0yG7C0CkyL1oCw6mmBslbP1k="
    },
    "escape-html": {
      "version": "1.0.3",
      "resolved": "https://registry.npmjs.org/escape-html/-/escape-html-1.0.3.tgz",
      "integrity": "sha1-Aljq5NPQwJdN4cFpGI7wBR0dGYg="
    },
    "etag": {
      "version": "1.8.1",
      "resolved": "https://registry.npmjs.org/etag/-/etag-1.8.1.tgz",
      "integrity": "sha1-Qa4u62XvpiJorr/qg6x9eSmbCIc="
    },
    "express": {
      "version": "4.16.4",
      "resolved": "https://registry.npmjs.org/express/-/express-4.16.4.tgz",
      "integrity": "sha512-j12Uuyb4FMrd/qQAm6uCHAkPtO8FDTRJZBDd5D2KOL2eLaz1yUNdUB/NOIyq0iU4q4cFarsUCrnFDPBcnksuOg==",
      "requires": {
        "accepts": "~1.3.5",
        "array-flatten": "1.1.1",
        "body-parser": "1.18.3",
        "content-disposition": "0.5.2",
        "content-type": "~1.0.4",
        "cookie": "0.3.1",
        "cookie-signature": "1.0.6",
        "debug": "2.6.9",
        "depd": "~1.1.2",
        "encodeurl": "~1.0.2",
        "escape-html": "~1.0.3",
        "etag": "~1.8.1",
        "finalhandler": "1.1.1",
        "fresh": "0.5.2",
        "merge-descriptors": "1.0.1",
        "methods": "~1.1.2",
        "on-finished": "~2.3.0",
        "parseurl": "~1.3.2",
        "path-to-regexp": "0.1.7",
        "proxy-addr": "~2.0.4",
        "qs": "6.5.2",
        "range-parser": "~1.2.0",
        "safe-buffer": "5.1.2",
        "send": "0.16.2",
        "serve-static": "1.13.2",
        "setprototypeof": "1.1.0",
        "statuses": "~1.4.0",
        "type-is": "~1.6.16",
        "utils-merge": "1.0.1",
        "vary": "~1.1.2"
      },
      "dependencies": {
        "finalhandler": {
          "version": "1.1.1",
          "resolved": "http://registry.npmjs.org/finalhandler/-/finalhandler-1.1.1.tgz",
          "integrity": "sha512-Y1GUDo39ez4aHAw7MysnUD5JzYX+WaIj8I57kO3aEPT1fFRL4sr7mjei97FgnwhAyyzRYmQZaTHb2+9uZ1dPtg==",
          "requires": {
            "debug": "2.6.9",
            "encodeurl": "~1.0.2",
            "escape-html": "~1.0.3",
            "on-finished": "~2.3.0",
            "parseurl": "~1.3.2",
            "statuses": "~1.4.0",
            "unpipe": "~1.0.0"
          }
        },
        "safe-buffer": {
          "version": "5.1.2",
          "resolved": "https://registry.npmjs.org/safe-buffer/-/safe-buffer-5.1.2.tgz",
          "integrity": "sha512-Gd2UZBJDkXlY7GbJxfsE8/nvKkUEU1G38c1siN6QP6a9PT9MmHB8GnpscSmMJSoF8LOIrt8ud/wPtojys4G6+g=="
        },
        "statuses": {
          "version": "1.4.0",
          "resolved": "https://registry.npmjs.org/statuses/-/statuses-1.4.0.tgz",
          "integrity": "sha512-zhSCtt8v2NDrRlPQpCNtw/heZLtfUDqxBM1udqikb/Hbk52LK4nQSwr10u77iopCW5LsyHpuXS0GnEc48mLeew=="
        }
      }
    },
    "express-fileupload": {
      "version": "0.2.0",
      "resolved": "https://registry.npmjs.org/express-fileupload/-/express-fileupload-0.2.0.tgz",
      "integrity": "sha512-wi5OfxPtVaLeCqB6SKiHEp0KH/bS0bkPDy/vXMsmN3GI8xvzcrXD0deTgAVRIVlT4kvoSMbFVC/vmnugPEs4rQ==",
      "requires": {
        "busboy": "^0.2.14",
        "fs-extra": "^4.0.1",
        "streamifier": "^0.1.1"
      }
    },
    "express-ip-access-control": {
      "version": "1.0.5",
      "resolved": "https://registry.npmjs.org/express-ip-access-control/-/express-ip-access-control-1.0.5.tgz",
      "integrity": "sha1-tDakyeoq3kxwPSBuvIXxwhZghm0=",
      "requires": {
        "ipaddr.js": "^1.0.1"
      }
    },
    "extsprintf": {
      "version": "1.2.0",
      "resolved": "https://registry.npmjs.org/extsprintf/-/extsprintf-1.2.0.tgz",
      "integrity": "sha1-WtlGwi9bMrp/jNdCZxHG6KP8JSk="
    },
    "finalhandler": {
      "version": "1.1.0",
      "resolved": "https://registry.npmjs.org/finalhandler/-/finalhandler-1.1.0.tgz",
      "integrity": "sha1-zgtoVbRYU+eRsvzGgARtiCU91/U=",
      "requires": {
        "debug": "2.6.9",
        "encodeurl": "~1.0.1",
        "escape-html": "~1.0.3",
        "on-finished": "~2.3.0",
        "parseurl": "~1.3.2",
        "statuses": "~1.3.1",
        "unpipe": "~1.0.0"
      },
      "dependencies": {
        "statuses": {
          "version": "1.3.1",
          "resolved": "https://registry.npmjs.org/statuses/-/statuses-1.3.1.tgz",
          "integrity": "sha1-+vUbnrdKrvOzrPStX2Gr8ky3uT4="
        }
      }
    },
    "forwarded": {
      "version": "0.1.2",
      "resolved": "https://registry.npmjs.org/forwarded/-/forwarded-0.1.2.tgz",
      "integrity": "sha1-mMI9qxF1ZXuMBXPozszZGw/xjIQ="
    },
    "fresh": {
      "version": "0.5.2",
      "resolved": "https://registry.npmjs.org/fresh/-/fresh-0.5.2.tgz",
      "integrity": "sha1-PYyt2Q2XZWn6g1qx+OSyOhBWBac="
    },
    "fs": {
      "version": "0.0.1-security",
      "resolved": "https://registry.npmjs.org/fs/-/fs-0.0.1-security.tgz",
      "integrity": "sha1-invTcYa23d84E/I4WLV+yq9eQdQ="
    },
    "fs-extra": {
      "version": "4.0.2",
      "resolved": "https://registry.npmjs.org/fs-extra/-/fs-extra-4.0.2.tgz",
      "integrity": "sha1-+RcExT0bRh+JNFKwwwfZmXZHq2s=",
      "requires": {
        "graceful-fs": "^4.1.2",
        "jsonfile": "^4.0.0",
        "universalify": "^0.1.0"
      }
    },
    "glob": {
      "version": "6.0.4",
      "resolved": "https://registry.npmjs.org/glob/-/glob-6.0.4.tgz",
      "integrity": "sha1-DwiGD2oVUSey+t1PnOJLGqtuTSI=",
      "optional": true,
      "requires": {
        "inflight": "^1.0.4",
        "inherits": "2",
        "minimatch": "2 || 3",
        "once": "^1.3.0",
        "path-is-absolute": "^1.0.0"
      }
    },
    "graceful-fs": {
      "version": "4.1.11",
      "resolved": "https://registry.npmjs.org/graceful-fs/-/graceful-fs-4.1.11.tgz",
      "integrity": "sha1-Dovf5NHduIVNZOBOp8AOKgJuVlg="
    },
    "http-errors": {
      "version": "1.6.3",
      "resolved": "http://registry.npmjs.org/http-errors/-/http-errors-1.6.3.tgz",
      "integrity": "sha1-i1VoC7S+KDoLW/TqLjhYC+HZMg0=",
      "requires": {
        "depd": "~1.1.2",
        "inherits": "2.0.3",
        "setprototypeof": "1.1.0",
        "statuses": ">= 1.4.0 < 2"
      }
    },
    "iconv": {
      "version": "2.3.4",
      "resolved": "https://registry.npmjs.org/iconv/-/iconv-2.3.4.tgz",
      "integrity": "sha512-v2Rree7xRtrC9o3Bi9nTNOKXvApmwLFdX50k72+K1W4mJ93LBdpaLcHcInYo9gr/GcQk8MFoCetrYRcb/o3RLg==",
      "requires": {
        "nan": "^2.13.1",
        "safer-buffer": "^2.1.2"
      }
    },
    "iconv-lite": {
      "version": "0.4.23",
      "resolved": "https://registry.npmjs.org/iconv-lite/-/iconv-lite-0.4.23.tgz",
      "integrity": "sha512-neyTUVFtahjf0mB3dZT77u+8O0QB89jFdnBkd5P1JgYPbPaia3gXXOVL2fq8VyU2gMMD7SaN7QukTB/pmXYvDA==",
      "requires": {
        "safer-buffer": ">= 2.1.2 < 3"
      }
    },
    "inflight": {
      "version": "1.0.6",
      "resolved": "https://registry.npmjs.org/inflight/-/inflight-1.0.6.tgz",
      "integrity": "sha1-Sb1jMdfQLQwJvJEKEHW6gWW1bfk=",
      "optional": true,
      "requires": {
        "once": "^1.3.0",
        "wrappy": "1"
      }
    },
    "inherits": {
      "version": "2.0.3",
      "resolved": "https://registry.npmjs.org/inherits/-/inherits-2.0.3.tgz",
      "integrity": "sha1-Yzwsg+PaQqUC9SRmAiSA9CCCYd4="
    },
    "ipaddr": {
      "version": "0.0.9",
      "resolved": "https://registry.npmjs.org/ipaddr/-/ipaddr-0.0.9.tgz",
      "integrity": "sha1-UFLQNZcL0uw/jfrKn8892gFVpeo=",
      "requires": {
        "bl": "^1.0.0"
      }
    },
    "ipaddr.js": {
      "version": "1.4.0",
      "resolved": "https://registry.npmjs.org/ipaddr.js/-/ipaddr.js-1.4.0.tgz",
      "integrity": "sha1-KWrKh4qCGBbluF0KKFqZvP9FgvA="
    },
    "isarray": {
      "version": "1.0.0",
      "resolved": "https://registry.npmjs.org/isarray/-/isarray-1.0.0.tgz",
      "integrity": "sha1-u5NdSFgsuhaMBoNJV6VKPgcSTxE="
    },
    "jsonfile": {
      "version": "4.0.0",
      "resolved": "https://registry.npmjs.org/jsonfile/-/jsonfile-4.0.0.tgz",
      "integrity": "sha1-h3Gq4HmbZAdrdmQPygWPnBDjPss=",
      "requires": {
        "graceful-fs": "^4.1.6"
      }
    },
    "kind-of": {
      "version": "6.0.2",
      "resolved": "https://registry.npmjs.org/kind-of/-/kind-of-6.0.2.tgz",
      "integrity": "sha512-s5kLOcnH0XqDO+FvuaLX8DDjZ18CGFk7VygH40QoKPUQhW4e2rvM0rwUq0t8IQDOwYSeLK01U90OjzBTme2QqA=="
    },
    "ldap-filter": {
      "version": "0.2.2",
      "resolved": "https://registry.npmjs.org/ldap-filter/-/ldap-filter-0.2.2.tgz",
      "integrity": "sha1-8rhCvguG2jNSeYUFsx68rlkNd9A=",
      "requires": {
        "assert-plus": "0.1.5"
      },
      "dependencies": {
        "assert-plus": {
          "version": "0.1.5",
          "resolved": "https://registry.npmjs.org/assert-plus/-/assert-plus-0.1.5.tgz",
          "integrity": "sha1-7nQAlBMALYTOxyGcasgRgS5yMWA="
        }
      }
    },
    "ldapjs": {
      "version": "1.0.2",
      "resolved": "https://registry.npmjs.org/ldapjs/-/ldapjs-1.0.2.tgz",
      "integrity": "sha1-VE/3Ayt7g8aPBwEyjZKXqmlDQPk=",
      "requires": {
        "asn1": "0.2.3",
        "assert-plus": "^1.0.0",
        "backoff": "^2.5.0",
        "bunyan": "^1.8.3",
        "dashdash": "^1.14.0",
        "dtrace-provider": "~0.8",
        "ldap-filter": "0.2.2",
        "once": "^1.4.0",
        "vasync": "^1.6.4",
        "verror": "^1.8.1"
      }
    },
    "make-dir": {
      "version": "1.3.0",
      "resolved": "https://registry.npmjs.org/make-dir/-/make-dir-1.3.0.tgz",
      "integrity": "sha512-2w31R7SJtieJJnQtGc7RVL2StM2vGYVfqUOvUDxH6bC6aJTxPxTF0GnIgCyu7tjockiUWAYQRbxa7vKn34s5sQ==",
      "requires": {
        "pify": "^3.0.0"
      }
    },
    "media-typer": {
      "version": "0.3.0",
      "resolved": "https://registry.npmjs.org/media-typer/-/media-typer-0.3.0.tgz",
      "integrity": "sha1-hxDXrwqmJvj/+hzgAWhUUmMlV0g="
    },
    "merge-descriptors": {
      "version": "1.0.1",
      "resolved": "https://registry.npmjs.org/merge-descriptors/-/merge-descriptors-1.0.1.tgz",
      "integrity": "sha1-sAqqVW3YtEVoFQ7J0blT8/kMu2E="
    },
    "methods": {
      "version": "1.1.2",
      "resolved": "https://registry.npmjs.org/methods/-/methods-1.1.2.tgz",
      "integrity": "sha1-VSmk1nZUE07cxSZmVoNbD4Ua/O4="
    },
    "mhash": {
      "version": "2.1.11",
      "resolved": "https://registry.npmjs.org/mhash/-/mhash-2.1.11.tgz",
      "integrity": "sha512-2TSs5ns95zfsNUVylE9yanlDsOawfFXChnnC/6rQbMyR55xYnl+BxEKdBwiTA0C5VGANQiws5quXn9Ux3UUvrw==",
      "requires": {
        "bindings": "~1.3.0",
        "nan": "~2.12.1"
      },
      "dependencies": {
        "nan": {
          "version": "2.12.1",
          "resolved": "https://registry.npmjs.org/nan/-/nan-2.12.1.tgz",
          "integrity": "sha512-JY7V6lRkStKcKTvHO5NVSQRv+RV+FIL5pvDoLiAtSL9pKlC5x9PKQcZDsq7m4FO4d57mkhC6Z+QhAh3Jdk5JFw=="
        }
      }
    },
    "mime": {
      "version": "1.4.1",
      "resolved": "https://registry.npmjs.org/mime/-/mime-1.4.1.tgz",
      "integrity": "sha512-KI1+qOZu5DcW6wayYHSzR/tXKCDC5Om4s1z2QJjDULzLcmf3DvzS7oluY4HCTrc+9FiKmWUgeNLg7W3uIQvxtQ=="
    },
    "mime-db": {
      "version": "1.37.0",
      "resolved": "https://registry.npmjs.org/mime-db/-/mime-db-1.37.0.tgz",
      "integrity": "sha512-R3C4db6bgQhlIhPU48fUtdVmKnflq+hRdad7IyKhtFj06VPNVdk2RhiYL3UjQIlso8L+YxAtFkobT0VK+S/ybg=="
    },
    "mime-types": {
      "version": "2.1.21",
      "resolved": "https://registry.npmjs.org/mime-types/-/mime-types-2.1.21.tgz",
      "integrity": "sha512-3iL6DbwpyLzjR3xHSFNFeb9Nz/M8WDkX33t1GFQnFOllWk8pOrh/LSrB5OXlnlW5P9LH73X6loW/eogc+F5lJg==",
      "requires": {
        "mime-db": "~1.37.0"
      }
    },
    "minimatch": {
      "version": "3.0.4",
      "resolved": "https://registry.npmjs.org/minimatch/-/minimatch-3.0.4.tgz",
      "integrity": "sha512-yJHVQEhyqPLUTgt9B83PXu6W3rx4MvvHvSUvToogpwoGDOUQ+yDrR0HRot+yOCdCO7u4hX3pWft6kWBBcqh0UA==",
      "optional": true,
      "requires": {
        "brace-expansion": "^1.1.7"
      }
    },
    "minimist": {
      "version": "0.0.8",
      "resolved": "https://registry.npmjs.org/minimist/-/minimist-0.0.8.tgz",
      "integrity": "sha1-hX/Kv8M5fSYluCKCYuhqp6ARsF0=",
      "optional": true
    },
    "mkdirp": {
      "version": "0.5.1",
      "resolved": "https://registry.npmjs.org/mkdirp/-/mkdirp-0.5.1.tgz",
      "integrity": "sha1-MAV0OOrGz3+MR2fzhkjWaX11yQM=",
      "optional": true,
      "requires": {
        "minimist": "0.0.8"
      }
    },
    "moment": {
      "version": "2.24.0",
      "resolved": "https://registry.npmjs.org/moment/-/moment-2.24.0.tgz",
      "integrity": "sha512-bV7f+6l2QigeBBZSM/6yTNq4P2fNpSWj/0e7jQcy87A8e7o2nAfP/34/2ky5Vw4B9S446EtIhodAzkFCcR4dQg==",
      "optional": true
    },
    "ms": {
      "version": "2.0.0",
      "resolved": "https://registry.npmjs.org/ms/-/ms-2.0.0.tgz",
      "integrity": "sha1-VgiurfwAvmwpAd9fmGF4jeDVl8g="
    },
    "mv": {
      "version": "2.1.1",
      "resolved": "https://registry.npmjs.org/mv/-/mv-2.1.1.tgz",
      "integrity": "sha1-rmzg1vbV4KT32JN5jQPB6pVZtqI=",
      "optional": true,
      "requires": {
        "mkdirp": "~0.5.1",
        "ncp": "~2.0.0",
        "rimraf": "~2.4.0"
      }
    },
    "nan": {
      "version": "2.14.0",
      "resolved": "https://registry.npmjs.org/nan/-/nan-2.14.0.tgz",
      "integrity": "sha512-INOFj37C7k3AfaNTtX8RhsTw7qRy7eLET14cROi9+5HAVbbHuIWUHEauBv5qT4Av2tWasiTY1Jw6puUNqRJXQg=="
    },
    "ncp": {
      "version": "2.0.0",
      "resolved": "https://registry.npmjs.org/ncp/-/ncp-2.0.0.tgz",
      "integrity": "sha1-GVoh1sRuNh0vsSgbo4uR6d9727M=",
      "optional": true
    },
    "negotiator": {
      "version": "0.6.1",
      "resolved": "https://registry.npmjs.org/negotiator/-/negotiator-0.6.1.tgz",
      "integrity": "sha1-KzJxhOiZIQEXeyhWP7XnECrNDKk="
    },
    "node-ssha256": {
      "version": "0.1.1",
      "resolved": "https://registry.npmjs.org/node-ssha256/-/node-ssha256-0.1.1.tgz",
      "integrity": "sha1-STe+iMseRVoVQWybdMDG0L8X/lQ="
    },
    "on-finished": {
      "version": "2.3.0",
      "resolved": "https://registry.npmjs.org/on-finished/-/on-finished-2.3.0.tgz",
      "integrity": "sha1-IPEzZIGwg811M3mSoWlxqi2QaUc=",
      "requires": {
        "ee-first": "1.1.1"
      }
    },
    "once": {
      "version": "1.4.0",
      "resolved": "https://registry.npmjs.org/once/-/once-1.4.0.tgz",
      "integrity": "sha1-WDsap3WWHUsROsF9nFC6753Xa9E=",
      "requires": {
        "wrappy": "1"
      }
    },
    "parseurl": {
      "version": "1.3.2",
      "resolved": "https://registry.npmjs.org/parseurl/-/parseurl-1.3.2.tgz",
      "integrity": "sha1-/CidTtiZMRlGDBViUyYs3I3mW/M="
    },
    "path-is-absolute": {
      "version": "1.0.1",
      "resolved": "https://registry.npmjs.org/path-is-absolute/-/path-is-absolute-1.0.1.tgz",
      "integrity": "sha1-F0uSaHNVNP+8es5r9TpanhtcX18=",
      "optional": true
    },
    "path-to-regexp": {
      "version": "0.1.7",
      "resolved": "https://registry.npmjs.org/path-to-regexp/-/path-to-regexp-0.1.7.tgz",
      "integrity": "sha1-32BBeABfUi8V60SQ5yR6G/qmf4w="
    },
    "pify": {
      "version": "3.0.0",
      "resolved": "https://registry.npmjs.org/pify/-/pify-3.0.0.tgz",
      "integrity": "sha1-5aSs0sEB/fPZpNB/DbxNtJ3SgXY="
    },
    "precond": {
      "version": "0.2.3",
      "resolved": "https://registry.npmjs.org/precond/-/precond-0.2.3.tgz",
      "integrity": "sha1-qpWRvKokkj8eD0hJ0kD0fvwQdaw="
    },
    "process-nextick-args": {
      "version": "1.0.7",
      "resolved": "https://registry.npmjs.org/process-nextick-args/-/process-nextick-args-1.0.7.tgz",
      "integrity": "sha1-FQ4gt1ZZCtP5EJPyWk8q2L/zC6M="
    },
    "promise": {
      "version": "8.0.3",
      "resolved": "https://registry.npmjs.org/promise/-/promise-8.0.3.tgz",
      "integrity": "sha512-HeRDUL1RJiLhyA0/grn+PTShlBAcLuh/1BJGtrvjwbvRDCTLLMEz9rOGCV+R3vHY4MixIuoMEd9Yq/XvsTPcjw==",
      "requires": {
        "asap": "~2.0.6"
      }
    },
    "proxy-addr": {
      "version": "2.0.4",
      "resolved": "https://registry.npmjs.org/proxy-addr/-/proxy-addr-2.0.4.tgz",
      "integrity": "sha512-5erio2h9jp5CHGwcybmxmVqHmnCBZeewlfJ0pex+UW7Qny7OOZXTtH56TGNyBizkgiOwhJtMKrVzDTeKcySZwA==",
      "requires": {
        "forwarded": "~0.1.2",
        "ipaddr.js": "1.8.0"
      },
      "dependencies": {
        "ipaddr.js": {
          "version": "1.8.0",
          "resolved": "https://registry.npmjs.org/ipaddr.js/-/ipaddr.js-1.8.0.tgz",
          "integrity": "sha1-6qM9bd16zo9/b+DJygRA5wZzix4="
        }
      }
    },
    "qs": {
      "version": "6.5.2",
      "resolved": "https://registry.npmjs.org/qs/-/qs-6.5.2.tgz",
      "integrity": "sha512-N5ZAX4/LxJmF+7wN74pUD6qAh9/wnvdQcjq9TZjevvXzSUo7bfmw91saqMjzGS2xq91/odN2dW/WOl7qQHNDGA=="
    },
    "range-parser": {
      "version": "1.2.0",
      "resolved": "https://registry.npmjs.org/range-parser/-/range-parser-1.2.0.tgz",
      "integrity": "sha1-9JvmtIeJTdxA3MlKMi9hEJLgDV4="
    },
    "raw-body": {
      "version": "2.3.3",
      "resolved": "https://registry.npmjs.org/raw-body/-/raw-body-2.3.3.tgz",
      "integrity": "sha512-9esiElv1BrZoI3rCDuOuKCBRbuApGGaDPQfjSflGxdy4oyzqghxu6klEkkVIvBje+FF0BX9coEv8KqW6X/7njw==",
      "requires": {
        "bytes": "3.0.0",
        "http-errors": "1.6.3",
        "iconv-lite": "0.4.23",
        "unpipe": "1.0.0"
      }
    },
    "readable-stream": {
      "version": "2.3.3",
      "resolved": "https://registry.npmjs.org/readable-stream/-/readable-stream-2.3.3.tgz",
      "integrity": "sha512-m+qzzcn7KUxEmd1gMbchF+Y2eIUbieUaxkWtptyHywrX0rE8QEYqPC07Vuy4Wm32/xE16NcdBctb8S0Xe/5IeQ==",
      "requires": {
        "core-util-is": "~1.0.0",
        "inherits": "~2.0.3",
        "isarray": "~1.0.0",
        "process-nextick-args": "~1.0.6",
        "safe-buffer": "~5.1.1",
        "string_decoder": "~1.0.3",
        "util-deprecate": "~1.0.1"
      }
    },
    "rimraf": {
      "version": "2.4.5",
      "resolved": "https://registry.npmjs.org/rimraf/-/rimraf-2.4.5.tgz",
      "integrity": "sha1-7nEM5dk6j9uFb7Xqj/Di11k0sto=",
      "optional": true,
      "requires": {
        "glob": "^6.0.1"
      }
    },
    "safe-buffer": {
      "version": "5.1.1",
      "resolved": "https://registry.npmjs.org/safe-buffer/-/safe-buffer-5.1.1.tgz",
      "integrity": "sha512-kKvNJn6Mm93gAczWVJg7wH+wGYWNrDHdWvpUmHyEsgCtIwwo3bqPtV4tR5tuPaUhTOo/kvhVwd8XwwOllGYkbg=="
    },
    "safe-json-stringify": {
      "version": "1.2.0",
      "resolved": "https://registry.npmjs.org/safe-json-stringify/-/safe-json-stringify-1.2.0.tgz",
      "integrity": "sha512-gH8eh2nZudPQO6TytOvbxnuhYBOvDBBLW52tz5q6X58lJcd/tkmqFR+5Z9adS8aJtURSXWThWy/xJtJwixErvg==",
      "optional": true
    },
    "safer-buffer": {
      "version": "2.1.2",
      "resolved": "https://registry.npmjs.org/safer-buffer/-/safer-buffer-2.1.2.tgz",
      "integrity": "sha512-YZo3K82SD7Riyi0E1EQPojLz7kpepnSQI9IyPbHHg1XXXevb5dJI7tpyN2ADxGcQbHG7vcyRHk0cbwqcQriUtg=="
    },
    "send": {
      "version": "0.16.2",
      "resolved": "https://registry.npmjs.org/send/-/send-0.16.2.tgz",
      "integrity": "sha512-E64YFPUssFHEFBvpbbjr44NCLtI1AohxQ8ZSiJjQLskAdKuriYEP6VyGEsRDH8ScozGpkaX1BGvhanqCwkcEZw==",
      "requires": {
        "debug": "2.6.9",
        "depd": "~1.1.2",
        "destroy": "~1.0.4",
        "encodeurl": "~1.0.2",
        "escape-html": "~1.0.3",
        "etag": "~1.8.1",
        "fresh": "0.5.2",
        "http-errors": "~1.6.2",
        "mime": "1.4.1",
        "ms": "2.0.0",
        "on-finished": "~2.3.0",
        "range-parser": "~1.2.0",
        "statuses": "~1.4.0"
      },
      "dependencies": {
        "statuses": {
          "version": "1.4.0",
          "resolved": "https://registry.npmjs.org/statuses/-/statuses-1.4.0.tgz",
          "integrity": "sha512-zhSCtt8v2NDrRlPQpCNtw/heZLtfUDqxBM1udqikb/Hbk52LK4nQSwr10u77iopCW5LsyHpuXS0GnEc48mLeew=="
        }
      }
    },
    "serve-static": {
      "version": "1.13.2",
      "resolved": "https://registry.npmjs.org/serve-static/-/serve-static-1.13.2.tgz",
      "integrity": "sha512-p/tdJrO4U387R9oMjb1oj7qSMaMfmOyd4j9hOFoxZe2baQszgHcSWjuya/CiT5kgZZKRudHNOA0pYXOl8rQ5nw==",
      "requires": {
        "encodeurl": "~1.0.2",
        "escape-html": "~1.0.3",
        "parseurl": "~1.3.2",
        "send": "0.16.2"
      }
    },
    "setprototypeof": {
      "version": "1.1.0",
      "resolved": "https://registry.npmjs.org/setprototypeof/-/setprototypeof-1.1.0.tgz",
      "integrity": "sha512-BvE/TwpZX4FXExxOxZyRGQQv651MSwmWKZGqvmPcRIjDqWub67kTKuIMx43cZZrS/cBBzwBcNDWoFxt2XEFIpQ=="
    },
    "snapdragon-handlers": {
      "version": "1.0.0",
      "resolved": "https://registry.npmjs.org/snapdragon-handlers/-/snapdragon-handlers-1.0.0.tgz",
      "integrity": "sha512-VvtKuK2/vhDVTNFeIDX36SSsnM0z9PEIKYWeUnOb+gFP1d5kqTdgs0dpwMKBVZlKjbGGJ2aWZUr+Yl6qX7MAww==",
      "requires": {
        "@sellside/emitter": "^1.2.1",
        "use": "^3.1.0"
      }
    },
    "snapdragon-lexer": {
      "version": "3.1.0",
      "resolved": "https://registry.npmjs.org/snapdragon-lexer/-/snapdragon-lexer-3.1.0.tgz",
      "integrity": "sha512-30tJ/TgIbouk/Q3BE+SrvwH8QqgrTC5tBy/UH/rfB9U8Wrrwuaq2+h0kaZaljvFTgLqm+qKImuh8UUmBTKFpCw==",
      "requires": {
        "kind-of": "^6.0.2",
        "snapdragon-handlers": "^1.0.0",
        "snapdragon-stack": "^2.1.0",
        "snapdragon-token": "^3.0.1"
      }
    },
    "snapdragon-stack": {
      "version": "2.1.0",
      "resolved": "https://registry.npmjs.org/snapdragon-stack/-/snapdragon-stack-2.1.0.tgz",
      "integrity": "sha512-/PhBMbO5DvA/3CKV1EHuI7hD2LRPhq2UxhhwRhZm6AxZZuvwErR3G9KDaI07MMpYfzslr75sgkNTuZqJVlZSaQ=="
    },
    "snapdragon-token": {
      "version": "3.0.1",
      "resolved": "https://registry.npmjs.org/snapdragon-token/-/snapdragon-token-3.0.1.tgz",
      "integrity": "sha512-c75KtniEOsODvOwzXEl1mrJtCZUABJAoja75ZaCMlkx+fvwyBZiOvShEjm/uESEWxgpnpd5Awa1tN8PCb/nLFg==",
      "requires": {
        "kind-of": "^6.0.1"
      }
    },
    "split-string": {
      "version": "5.0.4",
      "resolved": "https://registry.npmjs.org/split-string/-/split-string-5.0.4.tgz",
      "integrity": "sha512-EaNnJxhMdwO6cGXgax2TnEjkkcDatQ173A5745soFMRW8qTUxTTjxnWSV6UQjefIJlABgcRnnURos0CJdxmaCQ==",
      "requires": {
        "arr-union": "^3.1.0",
        "snapdragon-lexer": "^3.1.0"
      }
    },
    "ssha": {
      "version": "1.0.1",
      "resolved": "https://registry.npmjs.org/ssha/-/ssha-1.0.1.tgz",
      "integrity": "sha1-3qz5/rl4DM3ZdQaVKwv5lvEqILM="
    },
    "statuses": {
      "version": "1.5.0",
      "resolved": "https://registry.npmjs.org/statuses/-/statuses-1.5.0.tgz",
      "integrity": "sha1-Fhx9rBd2Wf2YEfQ3cfqZOBR4Yow="
    },
    "streamifier": {
      "version": "0.1.1",
      "resolved": "https://registry.npmjs.org/streamifier/-/streamifier-0.1.1.tgz",
      "integrity": "sha1-l+mNj6TRBdYqJpHR3AfoINuN/E8="
    },
    "streamsearch": {
      "version": "0.1.2",
      "resolved": "https://registry.npmjs.org/streamsearch/-/streamsearch-0.1.2.tgz",
      "integrity": "sha1-gIudDlb8Jz2Am6VzOOkpkZoanxo="
    },
    "string_decoder": {
      "version": "1.0.3",
      "resolved": "https://registry.npmjs.org/string_decoder/-/string_decoder-1.0.3.tgz",
      "integrity": "sha512-4AH6Z5fzNNBcH+6XDMfA/BTt87skxqJlO0lAh3Dker5zThcAxG6mKz+iGu308UKoPPQ8Dcqx/4JhujzltRa+hQ==",
      "requires": {
        "safe-buffer": "~5.1.0"
      }
    },
    "timestamp-nano": {
      "version": "1.0.0",
      "resolved": "https://registry.npmjs.org/timestamp-nano/-/timestamp-nano-1.0.0.tgz",
      "integrity": "sha512-NO/1CZigzlCWQiWdIGv8ebXt6Uk77zdLz2NE7KcZRU5Egj2+947lzUpk30xQUQlq5dRY25j7ZulG4RfA2DHYfA=="
    },
    "type-is": {
      "version": "1.6.16",
      "resolved": "https://registry.npmjs.org/type-is/-/type-is-1.6.16.tgz",
      "integrity": "sha512-HRkVv/5qY2G6I8iab9cI7v1bOIdhm94dVjQCPFElW9W+3GeDOSHmy2EBYe4VTApuzolPcmgFTN3ftVJRKR2J9Q==",
      "requires": {
        "media-typer": "0.3.0",
        "mime-types": "~2.1.18"
      }
    },
    "universalify": {
      "version": "0.1.1",
      "resolved": "https://registry.npmjs.org/universalify/-/universalify-0.1.1.tgz",
      "integrity": "sha1-+nG63UQ3r0wUiEHjs7Fl+enlkLc="
    },
    "unpipe": {
      "version": "1.0.0",
      "resolved": "https://registry.npmjs.org/unpipe/-/unpipe-1.0.0.tgz",
      "integrity": "sha1-sr9O6FFKrmFltIF4KdIbLvSZBOw="
    },
    "use": {
      "version": "3.1.0",
      "resolved": "https://registry.npmjs.org/use/-/use-3.1.0.tgz",
      "integrity": "sha512-6UJEQM/L+mzC3ZJNM56Q4DFGLX/evKGRg15UJHGB9X5j5Z3AFbgZvjUh2yq/UJUY4U5dh7Fal++XbNg1uzpRAw==",
      "requires": {
        "kind-of": "^6.0.2"
      }
    },
    "util-deprecate": {
      "version": "1.0.2",
      "resolved": "https://registry.npmjs.org/util-deprecate/-/util-deprecate-1.0.2.tgz",
      "integrity": "sha1-RQ1Nyfpw3nMnYvvS1KKJgUGaDM8="
    },
    "utils-merge": {
      "version": "1.0.1",
      "resolved": "https://registry.npmjs.org/utils-merge/-/utils-merge-1.0.1.tgz",
      "integrity": "sha1-n5VxD1CiZ5R7LMwSR0HBAoQn5xM="
    },
    "validator": {
      "version": "8.0.0",
      "resolved": "https://registry.npmjs.org/validator/-/validator-8.0.0.tgz",
      "integrity": "sha512-ni6X82obaR98FomBC8M/IF01u7d8WBjNhadxDDo+xGHGSfbTug1IS0j1zaoViYWQaMMFVfz40UhYxgs3dzvnZg=="
    },
    "vary": {
      "version": "1.1.2",
      "resolved": "https://registry.npmjs.org/vary/-/vary-1.1.2.tgz",
      "integrity": "sha1-IpnwLG3tMNSllhsLn3RSShj2NPw="
    },
    "vasync": {
      "version": "1.6.4",
      "resolved": "https://registry.npmjs.org/vasync/-/vasync-1.6.4.tgz",
      "integrity": "sha1-3+k2Fq0OeugBszKp2Iv8XNyOHR8=",
      "requires": {
        "verror": "1.6.0"
      },
      "dependencies": {
        "verror": {
          "version": "1.6.0",
          "resolved": "https://registry.npmjs.org/verror/-/verror-1.6.0.tgz",
          "integrity": "sha1-fROyex+swuLakEBetepuW90lLqU=",
          "requires": {
            "extsprintf": "1.2.0"
          }
        }
      }
    },
    "verror": {
      "version": "1.10.0",
      "resolved": "https://registry.npmjs.org/verror/-/verror-1.10.0.tgz",
      "integrity": "sha1-OhBcoXBTr1XW4nDB+CiGguGNpAA=",
      "requires": {
        "assert-plus": "^1.0.0",
        "core-util-is": "1.0.2",
        "extsprintf": "^1.2.0"
      }
    },
    "wrappy": {
      "version": "1.0.2",
      "resolved": "https://registry.npmjs.org/wrappy/-/wrappy-1.0.2.tgz",
      "integrity": "sha1-tSQ9jz7BqjXxNkYFvA0QNuMKtp8="
    }
  }
}
